
Microsoft Visual Studio Solution File, Format Version 12.00
# Visual Studio Version 17
VisualStudioVersion = 17.7.34003.232
MinimumVisualStudioVersion = 10.0.40219.1
Project("{9A19103F-16F7-4668-BE54-9A1E7A4F7556}") = "EventHub.BL", "EventHub\EventHub.BL.csproj", "{8DB89DD3-395F-4C81-8226-EF24716E3BD3}"
EndProject
Project("{9A19103F-16F7-4668-BE54-9A1E7A4F7556}") = "EventHub.DAL", "EventHub.DAL\EventHub.DAL.csproj", "{BDE59256-FDC5-4881-BFE5-E9BA27A5A3C3}"
EndProject
Project("{9A19103F-16F7-4668-BE54-9A1E7A4F7556}") = "EventHub.Core", "EventHub.Core\EventHub.Core.csproj", "{646A5D1A-C3B6-4F36-8780-0A90C6E6FC67}"
EndProject
Project("{9A19103F-16F7-4668-BE54-9A1E7A4F7556}") = "EventHub.Entities", "EventHub.Model\EventHub.Entities.csproj", "{6C46D7A1-A030-4742-9E3D-AFB2CCBE191C}"
EndProject
Project("{9A19103F-16F7-4668-BE54-9A1E7A4F7556}") = "EventHub.WebAPI", "EventHub.WebAPI\EventHub.WebAPI.csproj", "{C05B2309-5870-422F-A84D-AC93B9B4DDAF}"
EndProject
Global
	GlobalSection(SolutionConfigurationPlatforms) = preSolution
		Debug|Any CPU = Debug|Any CPU
		Release|Any CPU = Release|Any CPU
	EndGlobalSection
	GlobalSection(ProjectConfigurationPlatforms) = postSolution
		{8DB89DD3-395F-4C81-8226-EF24716E3BD3}.Debug|Any CPU.ActiveCfg = Debug|Any CPU
		{8DB89DD3-395F-4C81-8226-EF24716E3BD3}.Debug|Any CPU.Build.0 = Debug|Any CPU
		{8DB89DD3-395F-4C81-8226-EF24716E3BD3}.Release|Any CPU.ActiveCfg = Release|Any CPU
		{8DB89DD3-395F-4C81-8226-EF24716E3BD3}.Release|Any CPU.Build.0 = Release|Any CPU
		{BDE59256-FDC5-4881-BFE5-E9BA27A5A3C3}.Debug|Any CPU.ActiveCfg = Debug|Any CPU
		{BDE59256-FDC5-4881-BFE5-E9BA27A5A3C3}.Debug|Any CPU.Build.0 = Debug|Any CPU
		{BDE59256-FDC5-4881-BFE5-E9BA27A5A3C3}.Release|Any CPU.ActiveCfg = Release|Any CPU
		{BDE59256-FDC5-4881-BFE5-E9BA27A5A3C3}.Release|Any CPU.Build.0 = Release|Any CPU
		{646A5D1A-C3B6-4F36-8780-0A90C6E6FC67}.Debug|Any CPU.ActiveCfg = Debug|Any CPU
		{646A5D1A-C3B6-4F36-8780-0A90C6E6FC67}.Debug|Any CPU.Build.0 = Debug|Any CPU
		{646A5D1A-C3B6-4F36-8780-0A90C6E6FC67}.Release|Any CPU.ActiveCfg = Release|Any CPU
		{646A5D1A-C3B6-4F36-8780-0A90C6E6FC67}.Release|Any CPU.Build.0 = Release|Any CPU
		{6C46D7A1-A030-4742-9E3D-AFB2CCBE191C}.Debug|Any CPU.ActiveCfg = Debug|Any CPU
		{6C46D7A1-A030-4742-9E3D-AFB2CCBE191C}.Debug|Any CPU.Build.0 = Debug|Any CPU
		{6C46D7A1-A030-4742-9E3D-AFB2CCBE191C}.Release|Any CPU.ActiveCfg = Release|Any CPU
		{6C46D7A1-A030-4742-9E3D-AFB2CCBE191C}.Release|Any CPU.Build.0 = Release|Any CPU
		{C05B2309-5870-422F-A84D-AC93B9B4DDAF}.Debug|Any CPU.ActiveCfg = Debug|Any CPU
		{C05B2309-5870-422F-A84D-AC93B9B4DDAF}.Debug|Any CPU.Build.0 = Debug|Any CPU
		{C05B2309-5870-422F-A84D-AC93B9B4DDAF}.Release|Any CPU.ActiveCfg = Release|Any CPU
		{C05B2309-5870-422F-A84D-AC93B9B4DDAF}.Release|Any CPU.Build.0 = Release|Any CPU
	EndGlobalSection
	GlobalSection(SolutionProperties) = preSolution
		HideSolutionNode = FALSE
	EndGlobalSection
	GlobalSection(ExtensibilityGlobals) = postSolution
		SolutionGuid = {E7BFD039-0A6C-4848-862B-32540C61942C}
	EndGlobalSection
EndGlobal
